
Microsoft Visual Studio Solution File, Format Version 12.00
# Visual Studio Version 17
VisualStudioVersion = 17.3.32819.101
MinimumVisualStudioVersion = 10.0.40219.1
Project("{FAE04EC0-301F-11D3-BF4B-00C04F79EFBC}") = "linear_Search", "linear_Search.csproj", "{9CA8A4FC-B755-4F02-A267-835E562EDB4D}"
EndProject
Global
	GlobalSection(SolutionConfigurationPlatforms) = preSolution
		Debug|Any CPU = Debug|Any CPU
		Release|Any CPU = Release|Any CPU
	EndGlobalSection
	GlobalSection(ProjectConfigurationPlatforms) = postSolution
		{9CA8A4FC-B755-4F02-A267-835E562EDB4D}.Debug|Any CPU.ActiveCfg = Debug|Any CPU
		{9CA8A4FC-B755-4F02-A267-835E562EDB4D}.Debug|Any CPU.Build.0 = Debug|Any CPU
		{9CA8A4FC-B755-4F02-A267-835E562EDB4D}.Release|Any CPU.ActiveCfg = Release|Any CPU
		{9CA8A4FC-B755-4F02-A267-835E562EDB4D}.Release|Any CPU.Build.0 = Release|Any CPU
	EndGlobalSection
	GlobalSection(SolutionProperties) = preSolution
		HideSolutionNode = FALSE
	EndGlobalSection
	GlobalSection(ExtensibilityGlobals) = postSolution
		SolutionGuid = {A396CEC5-7A3C-4F3C-BDBA-DA9B492A732F}
	EndGlobalSection
EndGlobal
